Microsoft Visual Studio Solution File, Format Version 11.00
# Visual Studio 2010
Project("{FAE04EC0-301F-11D3-BF4B-00C04F79EFBC}") = "Assembly-CSharp", "Assembly-CSharp.csproj", "{D632224E-92A3-0E68-BFC8-1D9DCC981A83}"
EndProject
Project("{FAE04EC0-301F-11D3-BF4B-00C04F79EFBC}") = "Assembly-CSharp-Editor", "Assembly-CSharp-Editor.csproj", "{3862CE39-015A-0D47-67C1-9C5F0A312514}"
EndProject
Global
	GlobalSection(SolutionConfigurationPlatforms) = preSolution
		Debug|Any CPU = Debug|Any CPU
		Release|Any CPU = Release|Any CPU
	EndGlobalSection
	GlobalSection(ProjectConfigurationPlatforms) = postSolution
		{D632224E-92A3-0E68-BFC8-1D9DCC981A83}.Debug|Any CPU.ActiveCfg = Debug|Any CPU
		{D632224E-92A3-0E68-BFC8-1D9DCC981A83}.Debug|Any CPU.Build.0 = Debug|Any CPU
		{D632224E-92A3-0E68-BFC8-1D9DCC981A83}.Release|Any CPU.ActiveCfg = Release|Any CPU
		{D632224E-92A3-0E68-BFC8-1D9DCC981A83}.Release|Any CPU.Build.0 = Release|Any CPU
		{3862CE39-015A-0D47-67C1-9C5F0A312514}.Debug|Any CPU.ActiveCfg = Debug|Any CPU
		{3862CE39-015A-0D47-67C1-9C5F0A312514}.Debug|Any CPU.Build.0 = Debug|Any CPU
		{3862CE39-015A-0D47-67C1-9C5F0A312514}.Release|Any CPU.ActiveCfg = Release|Any CPU
		{3862CE39-015A-0D47-67C1-9C5F0A312514}.Release|Any CPU.Build.0 = Release|Any CPU
	EndGlobalSection
	GlobalSection(SolutionProperties) = preSolution
		HideSolutionNode = FALSE
	EndGlobalSection
	GlobalSection(MonoDevelopProperties) = preSolution
		StartupItem = Assembly-CSharp.csproj
	EndGlobalSection
EndGlobal
